// !$*UTF8*$!
{
	archiveVersion = 1;
	classes = {
	};
	objectVersion = 46;
	objects = {

/* Begin PBXBuildFile section */
		3A181ACC1E46240F0017F0F2 /* AppDelegate.swift in Sources */ = {isa = PBXBuildFile; fileRef = 3A181ACB1E46240F0017F0F2 /* AppDelegate.swift */; };
		3A181AD11E46240F0017F0F2 /* Main.storyboard in Resources */ = {isa = PBXBuildFile; fileRef = 3A181ACF1E46240F0017F0F2 /* Main.storyboard */; };
		3A181AD31E46240F0017F0F2 /* Assets.xcassets in Resources */ = {isa = PBXBuildFile; fileRef = 3A181AD21E46240F0017F0F2 /* Assets.xcassets */; };
		3A181AD61E46240F0017F0F2 /* LaunchScreen.storyboard in Resources */ = {isa = PBXBuildFile; fileRef = 3A181AD41E46240F0017F0F2 /* LaunchScreen.storyboard */; };
		3A181AE11E46240F0017F0F2 /* ToddsSyndromeDiagnoserTests.swift in Sources */ = {isa = PBXBuildFile; fileRef = 3A181AE01E46240F0017F0F2 /* ToddsSyndromeDiagnoserTests.swift */; };
		3A181AED1E46246C0017F0F2 /* Diagnoser.framework in Frameworks */ = {isa = PBXBuildFile; fileRef = 3A181AEC1E46246C0017F0F2 /* Diagnoser.framework */; };
		3A181B2C1E479DCF0017F0F2 /* MedicalRecordsViewController.swift in Sources */ = {isa = PBXBuildFile; fileRef = 3A181B2A1E479DCF0017F0F2 /* MedicalRecordsViewController.swift */; };
		3A181B2E1E479E050017F0F2 /* MedicalRecordsCell.swift in Sources */ = {isa = PBXBuildFile; fileRef = 3A181B2D1E479E050017F0F2 /* MedicalRecordsCell.swift */; };
		3A181B361E47A7050017F0F2 /* AddPatientViewController.swift in Sources */ = {isa = PBXBuildFile; fileRef = 3A181B351E47A7050017F0F2 /* AddPatientViewController.swift */; };
		3A181B391E47C5CB0017F0F2 /* AppRouter.swift in Sources */ = {isa = PBXBuildFile; fileRef = 3A181B381E47C5CB0017F0F2 /* AppRouter.swift */; };
		3A181B3B1E47C6200017F0F2 /* MedicalRecordsViewControllerDelegate.swift in Sources */ = {isa = PBXBuildFile; fileRef = 3A181B3A1E47C6200017F0F2 /* MedicalRecordsViewControllerDelegate.swift */; };
		3A181B3D1E47C9620017F0F2 /* UIStoryboard+Extensions.swift in Sources */ = {isa = PBXBuildFile; fileRef = 3A181B3C1E47C9620017F0F2 /* UIStoryboard+Extensions.swift */; };
		3A181B3F1E47CDF60017F0F2 /* AddPatientViewControllerDelegate.swift in Sources */ = {isa = PBXBuildFile; fileRef = 3A181B3E1E47CDF60017F0F2 /* AddPatientViewControllerDelegate.swift */; };
/* End PBXBuildFile section */

/* Begin PBXContainerItemProxy section */
		3A181ADD1E46240F0017F0F2 /* PBXContainerItemProxy */ = {
			isa = PBXContainerItemProxy;
			containerPortal = 3A181AC01E46240F0017F0F2 /* Project object */;
			proxyType = 1;
			remoteGlobalIDString = 3A181AC71E46240F0017F0F2;
			remoteInfo = ToddsSyndromeDiagnoser;
		};
/* End PBXContainerItemProxy section */

/* Begin PBXFileReference section */
		3A181AC81E46240F0017F0F2 /* ToddsSyndromeDiagnoser.app */ = {isa = PBXFileReference; explicitFileType = wrapper.application; includeInIndex = 0; path = ToddsSyndromeDiagnoser.app; sourceTree = BUILT_PRODUCTS_DIR; };
		3A181ACB1E46240F0017F0F2 /* AppDelegate.swift */ = {isa = PBXFileReference; lastKnownFileType = sourcecode.swift; path = AppDelegate.swift; sourceTree = "<group>"; };
		3A181AD01E46240F0017F0F2 /* Base */ = {isa = PBXFileReference; lastKnownFileType = file.storyboard; name = Base; path = Base.lproj/Main.storyboard; sourceTree = "<group>"; };
		3A181AD21E46240F0017F0F2 /* Assets.xcassets */ = {isa = PBXFileReference; lastKnownFileType = folder.assetcatalog; path = Assets.xcassets; sourceTree = "<group>"; };
		3A181AD51E46240F0017F0F2 /* Base */ = {isa = PBXFileReference; lastKnownFileType = file.storyboard; name = Base; path = Base.lproj/LaunchScreen.storyboard; sourceTree = "<group>"; };
		3A181AD71E46240F0017F0F2 /* Info.plist */ = {isa = PBXFileReference; lastKnownFileType = text.plist.xml; path = Info.plist; sourceTree = "<group>"; };
		3A181ADC1E46240F0017F0F2 /* ToddsSyndromeDiagnoserTests.xctest */ = {isa = PBXFileReference; explicitFileType = wrapper.cfbundle; includeInIndex = 0; path = ToddsSyndromeDiagnoserTests.xctest; sourceTree = BUILT_PRODUCTS_DIR; };
		3A181AE01E46240F0017F0F2 /* ToddsSyndromeDiagnoserTests.swift */ = {isa = PBXFileReference; lastKnownFileType = sourcecode.swift; path = ToddsSyndromeDiagnoserTests.swift; sourceTree = "<group>"; };
		3A181AE21E46240F0017F0F2 /* Info.plist */ = {isa = PBXFileReference; lastKnownFileType = text.plist.xml; path = Info.plist; sourceTree = "<group>"; };
		3A181AEC1E46246C0017F0F2 /* Diagnoser.framework */ = {isa = PBXFileReference; lastKnownFileType = wrapper.framework; name = Diagnoser.framework; path = "../../../Library/Developer/Xcode/DerivedData/ToddsSyndromeDiagnoser-fmmczjhpknrwpcfhandpgtolelez/Build/Products/Debug-iphonesimulator/Diagnoser.framework"; sourceTree = "<group>"; };
		3A181B2A1E479DCF0017F0F2 /* MedicalRecordsViewController.swift */ = {isa = PBXFileReference; fileEncoding = 4; lastKnownFileType = sourcecode.swift; path = MedicalRecordsViewController.swift; sourceTree = "<group>"; };
		3A181B2D1E479E050017F0F2 /* MedicalRecordsCell.swift */ = {isa = PBXFileReference; fileEncoding = 4; lastKnownFileType = sourcecode.swift; path = MedicalRecordsCell.swift; sourceTree = "<group>"; };
		3A181B351E47A7050017F0F2 /* AddPatientViewController.swift */ = {isa = PBXFileReference; fileEncoding = 4; lastKnownFileType = sourcecode.swift; path = AddPatientViewController.swift; sourceTree = "<group>"; };
		3A181B381E47C5CB0017F0F2 /* AppRouter.swift */ = {isa = PBXFileReference; fileEncoding = 4; lastKnownFileType = sourcecode.swift; path = AppRouter.swift; sourceTree = "<group>"; };
		3A181B3A1E47C6200017F0F2 /* MedicalRecordsViewControllerDelegate.swift */ = {isa = PBXFileReference; fileEncoding = 4; lastKnownFileType = sourcecode.swift; path = MedicalRecordsViewControllerDelegate.swift; sourceTree = "<group>"; };
		3A181B3C1E47C9620017F0F2 /* UIStoryboard+Extensions.swift */ = {isa = PBXFileReference; fileEncoding = 4; lastKnownFileType = sourcecode.swift; name = "UIStoryboard+Extensions.swift"; path = "../UIStoryboard+Extensions.swift"; sourceTree = "<group>"; };
		3A181B3E1E47CDF60017F0F2 /* AddPatientViewControllerDelegate.swift */ = {isa = PBXFileReference; fileEncoding = 4; lastKnownFileType = sourcecode.swift; path = AddPatientViewControllerDelegate.swift; sourceTree = "<group>"; };
/* End PBXFileReference section */

/* Begin PBXFrameworksBuildPhase section */
		3A181AC51E46240F0017F0F2 /* Frameworks */ = {
			isa = PBXFrameworksBuildPhase;
			buildActionMask = 2147483647;
			files = (
				3A181AED1E46246C0017F0F2 /* Diagnoser.framework in Frameworks */,
			);
			runOnlyForDeploymentPostprocessing = 0;
		};
		3A181AD91E46240F0017F0F2 /* Frameworks */ = {
			isa = PBXFrameworksBuildPhase;
			buildActionMask = 2147483647;
			files = (
			);
			runOnlyForDeploymentPostprocessing = 0;
		};
/* End PBXFrameworksBuildPhase section */

/* Begin PBXGroup section */
		3A181ABF1E46240F0017F0F2 = {
			isa = PBXGroup;
			children = (
				3A181ACA1E46240F0017F0F2 /* ToddsSyndromeDiagnoser */,
				3A181ADF1E46240F0017F0F2 /* ToddsSyndromeDiagnoserTests */,
				3A181AC91E46240F0017F0F2 /* Products */,
				3A181AEB1E46246C0017F0F2 /* Frameworks */,
			);
			sourceTree = "<group>";
		};
		3A181AC91E46240F0017F0F2 /* Products */ = {
			isa = PBXGroup;
			children = (
				3A181AC81E46240F0017F0F2 /* ToddsSyndromeDiagnoser.app */,
				3A181ADC1E46240F0017F0F2 /* ToddsSyndromeDiagnoserTests.xctest */,
			);
			name = Products;
			sourceTree = "<group>";
		};
		3A181ACA1E46240F0017F0F2 /* ToddsSyndromeDiagnoser */ = {
			isa = PBXGroup;
			children = (
				3A181ACB1E46240F0017F0F2 /* AppDelegate.swift */,
				3A181B371E47C5BE0017F0F2 /* AppRouter */,
				3A181B291E479DCF0017F0F2 /* MedicalRecordsViewController */,
				3A181B341E47A7050017F0F2 /* AddPatientViewController */,
				3A181ACF1E46240F0017F0F2 /* Main.storyboard */,
				3A181AD21E46240F0017F0F2 /* Assets.xcassets */,
				3A181AD41E46240F0017F0F2 /* LaunchScreen.storyboard */,
				3A181AD71E46240F0017F0F2 /* Info.plist */,
			);
			path = ToddsSyndromeDiagnoser;
			sourceTree = "<group>";
		};
		3A181ADF1E46240F0017F0F2 /* ToddsSyndromeDiagnoserTests */ = {
			isa = PBXGroup;
			children = (
				3A181AE01E46240F0017F0F2 /* ToddsSyndromeDiagnoserTests.swift */,
				3A181AE21E46240F0017F0F2 /* Info.plist */,
			);
			path = ToddsSyndromeDiagnoserTests;
			sourceTree = "<group>";
		};
		3A181AEB1E46246C0017F0F2 /* Frameworks */ = {
			isa = PBXGroup;
			children = (
				3A181AEC1E46246C0017F0F2 /* Diagnoser.framework */,
			);
			name = Frameworks;
			sourceTree = "<group>";
		};
		3A181B291E479DCF0017F0F2 /* MedicalRecordsViewController */ = {
			isa = PBXGroup;
			children = (
				3A181B2A1E479DCF0017F0F2 /* MedicalRecordsViewController.swift */,
				3A181B3A1E47C6200017F0F2 /* MedicalRecordsViewControllerDelegate.swift */,
				3A181B2D1E479E050017F0F2 /* MedicalRecordsCell.swift */,
			);
			path = MedicalRecordsViewController;
			sourceTree = "<group>";
		};
		3A181B341E47A7050017F0F2 /* AddPatientViewController */ = {
			isa = PBXGroup;
			children = (
				3A181B351E47A7050017F0F2 /* AddPatientViewController.swift */,
				3A181B3E1E47CDF60017F0F2 /* AddPatientViewControllerDelegate.swift */,
			);
			path = AddPatientViewController;
			sourceTree = "<group>";
		};
		3A181B371E47C5BE0017F0F2 /* AppRouter */ = {
			isa = PBXGroup;
			children = (
				3A181B381E47C5CB0017F0F2 /* AppRouter.swift */,
				3A181B3C1E47C9620017F0F2 /* UIStoryboard+Extensions.swift */,
			);
			path = AppRouter;
			sourceTree = "<group>";
		};
/* End PBXGroup section */

/* Begin PBXNativeTarget section */
		3A181AC71E46240F0017F0F2 /* ToddsSyndromeDiagnoser */ = {
			isa = PBXNativeTarget;
			buildConfigurationList = 3A181AE51E46240F0017F0F2 /* Build configuration list for PBXNativeTarget "ToddsSyndromeDiagnoser" */;
			buildPhases = (
				3A181AC41E46240F0017F0F2 /* Sources */,
				3A181AC51E46240F0017F0F2 /* Frameworks */,
				3A181AC61E46240F0017F0F2 /* Resources */,
			);
			buildRules = (
			);
			dependencies = (
			);
			name = ToddsSyndromeDiagnoser;
			productName = ToddsSyndromeDiagnoser;
			productReference = 3A181AC81E46240F0017F0F2 /* ToddsSyndromeDiagnoser.app */;
			productType = "com.apple.product-type.application";
		};
		3A181ADB1E46240F0017F0F2 /* ToddsSyndromeDiagnoserTests */ = {
			isa = PBXNativeTarget;
			buildConfigurationList = 3A181AE81E46240F0017F0F2 /* Build configuration list for PBXNativeTarget "ToddsSyndromeDiagnoserTests" */;
			buildPhases = (
				3A181AD81E46240F0017F0F2 /* Sources */,
				3A181AD91E46240F0017F0F2 /* Frameworks */,
				3A181ADA1E46240F0017F0F2 /* Resources */,
			);
			buildRules = (
			);
			dependencies = (
				3A181ADE1E46240F0017F0F2 /* PBXTargetDependency */,
			);
			name = ToddsSyndromeDiagnoserTests;
			productName = ToddsSyndromeDiagnoserTests;
			productReference = 3A181ADC1E46240F0017F0F2 /* ToddsSyndromeDiagnoserTests.xctest */;
			productType = "com.apple.product-type.bundle.unit-test";
		};
/* End PBXNativeTarget section */

/* Begin PBXProject section */
		3A181AC01E46240F0017F0F2 /* Project object */ = {
			isa = PBXProject;
			attributes = {
				LastSwiftUpdateCheck = 0820;
				LastUpgradeCheck = 0820;
				ORGANIZATIONNAME = "Andrii Mykhailov";
				TargetAttributes = {
					3A181AC71E46240F0017F0F2 = {
						CreatedOnToolsVersion = 8.2.1;
						ProvisioningStyle = Automatic;
					};
					3A181ADB1E46240F0017F0F2 = {
						CreatedOnToolsVersion = 8.2.1;
						ProvisioningStyle = Automatic;
						TestTargetID = 3A181AC71E46240F0017F0F2;
					};
				};
			};
			buildConfigurationList = 3A181AC31E46240F0017F0F2 /* Build configuration list for PBXProject "ToddsSyndromeDiagnoser" */;
			compatibilityVersion = "Xcode 3.2";
			developmentRegion = English;
			hasScannedForEncodings = 0;
			knownRegions = (
				en,
				Base,
			);
			mainGroup = 3A181ABF1E46240F0017F0F2;
			productRefGroup = 3A181AC91E46240F0017F0F2 /* Products */;
			projectDirPath = "";
			projectRoot = "";
			targets = (
				3A181AC71E46240F0017F0F2 /* ToddsSyndromeDiagnoser */,
				3A181ADB1E46240F0017F0F2 /* ToddsSyndromeDiagnoserTests */,
			);
		};
/* End PBXProject section */

/* Begin PBXResourcesBuildPhase section */
		3A181AC61E46240F0017F0F2 /* Resources */ = {
			isa = PBXResourcesBuildPhase;
			buildActionMask = 2147483647;
			files = (
				3A181AD61E46240F0017F0F2 /* LaunchScreen.storyboard in Resources */,
				3A181AD31E46240F0017F0F2 /* Assets.xcassets in Resources */,
				3A181AD11E46240F0017F0F2 /* Main.storyboard in Resources */,
			);
			runOnlyForDeploymentPostprocessing = 0;
		};
		3A181ADA1E46240F0017F0F2 /* Resources */ = {
			isa = PBXResourcesBuildPhase;
			buildActionMask = 2147483647;
			files = (
			);
			runOnlyForDeploymentPostprocessing = 0;
		};
/* End PBXResourcesBuildPhase section */

/* Begin PBXSourcesBuildPhase section */
		3A181AC41E46240F0017F0F2 /* Sources */ = {
			isa = PBXSourcesBuildPhase;
			buildActionMask = 2147483647;
			files = (
				3A181B3B1E47C6200017F0F2 /* MedicalRecordsViewControllerDelegate.swift in Sources */,
				3A181B3F1E47CDF60017F0F2 /* AddPatientViewControllerDelegate.swift in Sources */,
				3A181B2E1E479E050017F0F2 /* MedicalRecordsCell.swift in Sources */,
				3A181ACC1E46240F0017F0F2 /* AppDelegate.swift in Sources */,
				3A181B361E47A7050017F0F2 /* AddPatientViewController.swift in Sources */,
				3A181B391E47C5CB0017F0F2 /* AppRouter.swift in Sources */,
				3A181B2C1E479DCF0017F0F2 /* MedicalRecordsViewController.swift in Sources */,
				3A181B3D1E47C9620017F0F2 /* UIStoryboard+Extensions.swift in Sources */,
			);
			runOnlyForDeploymentPostprocessing = 0;
		};
		3A181AD81E46240F0017F0F2 /* Sources */ = {
			isa = PBXSourcesBuildPhase;
			buildActionMask = 2147483647;
			files = (
				3A181AE11E46240F0017F0F2 /* ToddsSyndromeDiagnoserTests.swift in Sources */,
			);
			runOnlyForDeploymentPostprocessing = 0;
		};
/* End PBXSourcesBuildPhase section */

/* Begin PBXTargetDependency section */
		3A181ADE1E46240F0017F0F2 /* PBXTargetDependency */ = {
			isa = PBXTargetDependency;
			target = 3A181AC71E46240F0017F0F2 /* ToddsSyndromeDiagnoser */;
			targetProxy = 3A181ADD1E46240F0017F0F2 /* PBXContainerItemProxy */;
		};
/* End PBXTargetDependency section */

/* Begin PBXVariantGroup section */
		3A181ACF1E46240F0017F0F2 /* Main.storyboard */ = {
			isa = PBXVariantGroup;
			children = (
				3A181AD01E46240F0017F0F2 /* Base */,
			);
			name = Main.storyboard;
			sourceTree = "<group>";
		};
		3A181AD41E46240F0017F0F2 /* LaunchScreen.storyboard */ = {
			isa = PBXVariantGroup;
			children = (
				3A181AD51E46240F0017F0F2 /* Base */,
			);
			name = LaunchScreen.storyboard;
			sourceTree = "<group>";
		};
/* End PBXVariantGroup section */

/* Begin XCBuildConfiguration section */
		3A181AE31E46240F0017F0F2 /* Debug */ = {
			isa = XCBuildConfiguration;
			buildSettings = {
				ALWAYS_SEARCH_USER_PATHS = NO;
				CLANG_ANALYZER_NONNULL = YES;
				CLANG_CXX_LANGUAGE_STANDARD = "gnu++0x";
				CLANG_CXX_LIBRARY = "libc++";
				CLANG_ENABLE_MODULES = YES;
				CLANG_ENABLE_OBJC_ARC = YES;
				CLANG_WARN_BOOL_CONVERSION = YES;
				CLANG_WARN_CONSTANT_CONVERSION = YES;
				CLANG_WARN_DIRECT_OBJC_ISA_USAGE = YES_ERROR;
				CLANG_WARN_DOCUMENTATION_COMMENTS = YES;
				CLANG_WARN_EMPTY_BODY = YES;
				CLANG_WARN_ENUM_CONVERSION = YES;
				CLANG_WARN_INFINITE_RECURSION = YES;
				CLANG_WARN_INT_CONVERSION = YES;
				CLANG_WARN_OBJC_ROOT_CLASS = YES_ERROR;
				CLANG_WARN_SUSPICIOUS_MOVE = YES;
				CLANG_WARN_UNREACHABLE_CODE = YES;
				CLANG_WARN__DUPLICATE_METHOD_MATCH = YES;
				"CODE_SIGN_IDENTITY[sdk=iphoneos*]" = "iPhone Developer";
				COPY_PHASE_STRIP = NO;
				DEBUG_INFORMATION_FORMAT = dwarf;
				ENABLE_STRICT_OBJC_MSGSEND = YES;
				ENABLE_TESTABILITY = YES;
				GCC_C_LANGUAGE_STANDARD = gnu99;
				GCC_DYNAMIC_NO_PIC = NO;
				GCC_NO_COMMON_BLOCKS = YES;
				GCC_OPTIMIZATION_LEVEL = 0;
				GCC_PREPROCESSOR_DEFINITIONS = (
					"DEBUG=1",
					"$(inherited)",
				);
				GCC_WARN_64_TO_32_BIT_CONVERSION = YES;
				GCC_WARN_ABOUT_RETURN_TYPE = YES_ERROR;
				GCC_WARN_UNDECLARED_SELECTOR = YES;
				GCC_WARN_UNINITIALIZED_AUTOS = YES_AGGRESSIVE;
				GCC_WARN_UNUSED_FUNCTION = YES;
				GCC_WARN_UNUSED_VARIABLE = YES;
				IPHONEOS_DEPLOYMENT_TARGET = 10.2;
				MTL_ENABLE_DEBUG_INFO = YES;
				ONLY_ACTIVE_ARCH = YES;
				SDKROOT = iphoneos;
				SWIFT_ACTIVE_COMPILATION_CONDITIONS = DEBUG;
				SWIFT_OPTIMIZATION_LEVEL = "-Onone";
				TARGETED_DEVICE_FAMILY = "1,2";
			};
			name = Debug;
		};
		3A181AE41E46240F0017F0F2 /* Release */ = {
			isa = XCBuildConfiguration;
			buildSettings = {
				ALWAYS_SEARCH_USER_PATHS = NO;
				CLANG_ANALYZER_NONNULL = YES;
				CLANG_CXX_LANGUAGE_STANDARD = "gnu++0x";
				CLANG_CXX_LIBRARY = "libc++";
				CLANG_ENABLE_MODULES = YES;
				CLANG_ENABLE_OBJC_ARC = YES;
				CLANG_WARN_BOOL_CONVERSION = YES;
				CLANG_WARN_CONSTANT_CONVERSION = YES;
				CLANG_WARN_DIRECT_OBJC_ISA_USAGE = YES_ERROR;
				CLANG_WARN_DOCUMENTATION_COMMENTS = YES;
				CLANG_WARN_EMPTY_BODY = YES;
				CLANG_WARN_ENUM_CONVERSION = YES;
				CLANG_WARN_INFINITE_RECURSION = YES;
				CLANG_WARN_INT_CONVERSION = YES;
				CLANG_WARN_OBJC_ROOT_CLASS = YES_ERROR;
				CLANG_WARN_SUSPICIOUS_MOVE = YES;
				CLANG_WARN_UNREACHABLE_CODE = YES;
				CLANG_WARN__DUPLICATE_METHOD_MATCH = YES;
				"CODE_SIGN_IDENTITY[sdk=iphoneos*]" = "iPhone Developer";
				COPY_PHASE_STRIP = NO;
				DEBUG_INFORMATION_FORMAT = "dwarf-with-dsym";
				ENABLE_NS_ASSERTIONS = NO;
				ENABLE_STRICT_OBJC_MSGSEND = YES;
				GCC_C_LANGUAGE_STANDARD = gnu99;
				GCC_NO_COMMON_BLOCKS = YES;
				GCC_WARN_64_TO_32_BIT_CONVERSION = YES;
				GCC_WARN_ABOUT_RETURN_TYPE = YES_ERROR;
				GCC_WARN_UNDECLARED_SELECTOR = YES;
				GCC_WARN_UNINITIALIZED_AUTOS = YES_AGGRESSIVE;
				GCC_WARN_UNUSED_FUNCTION = YES;
				GCC_WARN_UNUSED_VARIABLE = YES;
				IPHONEOS_DEPLOYMENT_TARGET = 10.2;
				MTL_ENABLE_DEBUG_INFO = NO;
				SDKROOT = iphoneos;
				SWIFT_OPTIMIZATION_LEVEL = "-Owholemodule";
				TARGETED_DEVICE_FAMILY = "1,2";
				VALIDATE_PRODUCT = YES;
			};
			name = Release;
		};
		3A181AE61E46240F0017F0F2 /* Debug */ = {
			isa = XCBuildConfiguration;
			buildSettings = {
				ASSETCATALOG_COMPILER_APPICON_NAME = AppIcon;
				INFOPLIST_FILE = ToddsSyndromeDiagnoser/Info.plist;
				LD_RUNPATH_SEARCH_PATHS = "$(inherited) @executable_path/Frameworks";
				PRODUCT_BUNDLE_IDENTIFIER = com.ToddsSyndromeDiagnoser;
				PRODUCT_NAME = "$(TARGET_NAME)";
				SWIFT_VERSION = 3.0;
			};
			name = Debug;
		};
		3A181AE71E46240F0017F0F2 /* Release */ = {
			isa = XCBuildConfiguration;
			buildSettings = {
				ASSETCATALOG_COMPILER_APPICON_NAME = AppIcon;
				INFOPLIST_FILE = ToddsSyndromeDiagnoser/Info.plist;
				LD_RUNPATH_SEARCH_PATHS = "$(inherited) @executable_path/Frameworks";
				PRODUCT_BUNDLE_IDENTIFIER = com.ToddsSyndromeDiagnoser;
				PRODUCT_NAME = "$(TARGET_NAME)";
				SWIFT_VERSION = 3.0;
			};
			name = Release;
		};
		3A181AE91E46240F0017F0F2 /* Debug */ = {
			isa = XCBuildConfiguration;
			buildSettings = {
				ALWAYS_EMBED_SWIFT_STANDARD_LIBRARIES = YES;
				BUNDLE_LOADER = "$(TEST_HOST)";
				INFOPLIST_FILE = ToddsSyndromeDiagnoserTests/Info.plist;
				LD_RUNPATH_SEARCH_PATHS = "$(inherited) @executable_path/Frameworks @loader_path/Frameworks";
				PRODUCT_BUNDLE_IDENTIFIER = com.ToddsSyndromeDiagnoserTests;
				PRODUCT_NAME = "$(TARGET_NAME)";
				SWIFT_VERSION = 3.0;
				TEST_HOST = "$(BUILT_PRODUCTS_DIR)/ToddsSyndromeDiagnoser.app/ToddsSyndromeDiagnoser";
			};
			name = Debug;
		};
		3A181AEA1E46240F0017F0F2 /* Release */ = {
			isa = XCBuildConfiguration;
			buildSettings = {
				ALWAYS_EMBED_SWIFT_STANDARD_LIBRARIES = YES;
				BUNDLE_LOADER = "$(TEST_HOST)";
				INFOPLIST_FILE = ToddsSyndromeDiagnoserTests/Info.plist;
				LD_RUNPATH_SEARCH_PATHS = "$(inherited) @executable_path/Frameworks @loader_path/Frameworks";
				PRODUCT_BUNDLE_IDENTIFIER = com.ToddsSyndromeDiagnoserTests;
				PRODUCT_NAME = "$(TARGET_NAME)";
				SWIFT_VERSION = 3.0;
				TEST_HOST = "$(BUILT_PRODUCTS_DIR)/ToddsSyndromeDiagnoser.app/ToddsSyndromeDiagnoser";
			};
			name = Release;
		};
/* End XCBuildConfiguration section */

/* Begin XCConfigurationList section */
		3A181AC31E46240F0017F0F2 /* Build configuration list for PBXProject "ToddsSyndromeDiagnoser" */ = {
			isa = XCConfigurationList;
			buildConfigurations = (
				3A181AE31E46240F0017F0F2 /* Debug */,
				3A181AE41E46240F0017F0F2 /* Release */,
			);
			defaultConfigurationIsVisible = 0;
			defaultConfigurationName = Release;
		};
		3A181AE51E46240F0017F0F2 /* Build configuration list for PBXNativeTarget "ToddsSyndromeDiagnoser" */ = {
			isa = XCConfigurationList;
			buildConfigurations = (
				3A181AE61E46240F0017F0F2 /* Debug */,
				3A181AE71E46240F0017F0F2 /* Release */,
			);
			defaultConfigurationIsVisible = 0;
			defaultConfigurationName = Release;
		};
		3A181AE81E46240F0017F0F2 /* Build configuration list for PBXNativeTarget "ToddsSyndromeDiagnoserTests" */ = {
			isa = XCConfigurationList;
			buildConfigurations = (
				3A181AE91E46240F0017F0F2 /* Debug */,
				3A181AEA1E46240F0017F0F2 /* Release */,
			);
			defaultConfigurationIsVisible = 0;
			defaultConfigurationName = Release;
		};
/* End XCConfigurationList section */
	};
	rootObject = 3A181AC01E46240F0017F0F2 /* Project object */;
}
